// !$*UTF8*$!
{
	archiveVersion = 1;
	classes = {
	};
	objectVersion = 51;
	objects = {

/* Begin PBXBuildFile section */
		57D5948CD5D84FBC7494BCE7 /* Pods_BookAppTests.framework in Frameworks */ = {isa = PBXBuildFile; fileRef = FB40091E494918481B37BEF2 /* Pods_BookAppTests.framework */; };
		861817E5269DB9D4005420A9 /* HomeVC.swift in Sources */ = {isa = PBXBuildFile; fileRef = 861817E4269DB9D4005420A9 /* HomeVC.swift */; };
		861817E8269DBA44005420A9 /* GFButton.swift in Sources */ = {isa = PBXBuildFile; fileRef = 861817E7269DBA44005420A9 /* GFButton.swift */; };
		861817EB269DBA81005420A9 /* GFBodyLabel.swift in Sources */ = {isa = PBXBuildFile; fileRef = 861817EA269DBA81005420A9 /* GFBodyLabel.swift */; };
		861817EE269DBABD005420A9 /* GFSecondaryTitleLabel.swift in Sources */ = {isa = PBXBuildFile; fileRef = 861817ED269DBABD005420A9 /* GFSecondaryTitleLabel.swift */; };
		861817F0269DBADB005420A9 /* GFTitleLabel.swift in Sources */ = {isa = PBXBuildFile; fileRef = 861817EF269DBADB005420A9 /* GFTitleLabel.swift */; };
		861817F2269DBB37005420A9 /* UIViewController+Ext.swift in Sources */ = {isa = PBXBuildFile; fileRef = 861817F1269DBB37005420A9 /* UIViewController+Ext.swift */; };
		861817F4269DBC45005420A9 /* ApiService.swift in Sources */ = {isa = PBXBuildFile; fileRef = 861817F3269DBC45005420A9 /* ApiService.swift */; };
		861817F6269DBF3E005420A9 /* HomeTableViewCell.swift in Sources */ = {isa = PBXBuildFile; fileRef = 861817F5269DBF3E005420A9 /* HomeTableViewCell.swift */; };
		861817F8269DC21D005420A9 /* Book.swift in Sources */ = {isa = PBXBuildFile; fileRef = 861817F7269DC21D005420A9 /* Book.swift */; };
		861817FC269DC420005420A9 /* HomeBaseError.swift in Sources */ = {isa = PBXBuildFile; fileRef = 861817FB269DC420005420A9 /* HomeBaseError.swift */; };
		861EDFFD26BD534B001ABAF5 /* DetailVCPresenter.swift in Sources */ = {isa = PBXBuildFile; fileRef = 861EDFFC26BD534B001ABAF5 /* DetailVCPresenter.swift */; };
		861EDFFF26BD57ED001ABAF5 /* DetailVC+Delegate.swift in Sources */ = {isa = PBXBuildFile; fileRef = 861EDFFE26BD57ED001ABAF5 /* DetailVC+Delegate.swift */; };
		862DA69C26C14F330033C892 /* HeaderView.swift in Sources */ = {isa = PBXBuildFile; fileRef = 862DA69B26C14F330033C892 /* HeaderView.swift */; };
		862DA6A026C154330033C892 /* MainDetail+Delegate.swift in Sources */ = {isa = PBXBuildFile; fileRef = 862DA69F26C154330033C892 /* MainDetail+Delegate.swift */; };
		862DA6A426C175730033C892 /* MainDetail.swift in Sources */ = {isa = PBXBuildFile; fileRef = 862DA6A326C175730033C892 /* MainDetail.swift */; };
		862DA6A626C1764A0033C892 /* ButtonsAction.swift in Sources */ = {isa = PBXBuildFile; fileRef = 862DA6A526C1764A0033C892 /* ButtonsAction.swift */; };
		862F0BC626D3B5D300E884F1 /* CartVCPresenter.swift in Sources */ = {isa = PBXBuildFile; fileRef = 862F0BC526D3B5D300E884F1 /* CartVCPresenter.swift */; };
		862F0BC826D3B7BC00E884F1 /* CartTableViewCell.swift in Sources */ = {isa = PBXBuildFile; fileRef = 862F0BC726D3B7BC00E884F1 /* CartTableViewCell.swift */; };
		862F0BCA26D3B97700E884F1 /* CartVC+TableView.swift in Sources */ = {isa = PBXBuildFile; fileRef = 862F0BC926D3B97700E884F1 /* CartVC+TableView.swift */; };
		862F0BCC26D3E20900E884F1 /* CartVC+CartViewDelegate.swift in Sources */ = {isa = PBXBuildFile; fileRef = 862F0BCB26D3E20900E884F1 /* CartVC+CartViewDelegate.swift */; };
		862F12CE26D54486006CD285 /* CartManager.swift in Sources */ = {isa = PBXBuildFile; fileRef = 862F12CD26D54486006CD285 /* CartManager.swift */; };
		8643B10026A07F160037CFB1 /* CartVC.swift in Sources */ = {isa = PBXBuildFile; fileRef = 8643B0FF26A07F160037CFB1 /* CartVC.swift */; };
		8643B10426A07F730037CFB1 /* SettingVC.swift in Sources */ = {isa = PBXBuildFile; fileRef = 8643B10326A07F730037CFB1 /* SettingVC.swift */; };
		8643B10C26A07FF00037CFB1 /* DetailVC.swift in Sources */ = {isa = PBXBuildFile; fileRef = 8643B10B26A07FF00037CFB1 /* DetailVC.swift */; };
		8643B10F26A080640037CFB1 /* TabBarController.swift in Sources */ = {isa = PBXBuildFile; fileRef = 8643B10E26A080640037CFB1 /* TabBarController.swift */; };
		8643B11326A0887E0037CFB1 /* DetailModel.swift in Sources */ = {isa = PBXBuildFile; fileRef = 8643B11226A0887E0037CFB1 /* DetailModel.swift */; };
		86494DD926DE4980003FCCE2 /* CartBillDelegate.swift in Sources */ = {isa = PBXBuildFile; fileRef = 86494DD826DE4980003FCCE2 /* CartBillDelegate.swift */; };
		86494DDE26DE6B3C003FCCE2 /* FavoriteVC.swift in Sources */ = {isa = PBXBuildFile; fileRef = 86494DDD26DE6B3C003FCCE2 /* FavoriteVC.swift */; };
		86494DE026DE8BE4003FCCE2 /* GFEmptyCart.swift in Sources */ = {isa = PBXBuildFile; fileRef = 86494DDF26DE8BE4003FCCE2 /* GFEmptyCart.swift */; };
		864A120726D68D7600BC87D6 /* CartItem.swift in Sources */ = {isa = PBXBuildFile; fileRef = 864A120626D68D7600BC87D6 /* CartItem.swift */; };
		86596E26269DB38A001154A9 /* AppDelegate.swift in Sources */ = {isa = PBXBuildFile; fileRef = 86596E25269DB38A001154A9 /* AppDelegate.swift */; };
		86596E28269DB38A001154A9 /* SceneDelegate.swift in Sources */ = {isa = PBXBuildFile; fileRef = 86596E27269DB38A001154A9 /* SceneDelegate.swift */; };
		86596E32269DB38B001154A9 /* LaunchScreen.storyboard in Resources */ = {isa = PBXBuildFile; fileRef = 86596E30269DB38B001154A9 /* LaunchScreen.storyboard */; };
		86596E3D269DB38C001154A9 /* BookAppTests.swift in Sources */ = {isa = PBXBuildFile; fileRef = 86596E3C269DB38C001154A9 /* BookAppTests.swift */; };
		86596E48269DB38C001154A9 /* BookAppUITests.swift in Sources */ = {isa = PBXBuildFile; fileRef = 86596E47269DB38C001154A9 /* BookAppUITests.swift */; };
		865FDD2926BC174E00DE594F /* HomeVC+SearchDelegate.swift in Sources */ = {isa = PBXBuildFile; fileRef = 865FDD2826BC174E00DE594F /* HomeVC+SearchDelegate.swift */; };
		86A4B2EC26DD1E17006EF959 /* BillView.swift in Sources */ = {isa = PBXBuildFile; fileRef = 86A4B2EB26DD1E17006EF959 /* BillView.swift */; };
		86B05C0B269EF49F00C70463 /* GFAlertVC.swift in Sources */ = {isa = PBXBuildFile; fileRef = 86B05C0A269EF49F00C70463 /* GFAlertVC.swift */; };
		86B05C0D269F055C00C70463 /* constants.swift in Sources */ = {isa = PBXBuildFile; fileRef = 86B05C0C269F055C00C70463 /* constants.swift */; };
		86BB24EA26C0337A00B2D68C /* Assets.xcassets in Resources */ = {isa = PBXBuildFile; fileRef = 86BB24E926C0337A00B2D68C /* Assets.xcassets */; };
		86BB24EF26C035C800B2D68C /* Animation.swift in Sources */ = {isa = PBXBuildFile; fileRef = 86BB24EE26C035C800B2D68C /* Animation.swift */; };
		86BB24F126C035E700B2D68C /* Animator.swift in Sources */ = {isa = PBXBuildFile; fileRef = 86BB24F026C035E700B2D68C /* Animator.swift */; };
		86BB24F326C0363700B2D68C /* UITableView+Ext.swift in Sources */ = {isa = PBXBuildFile; fileRef = 86BB24F226C0363700B2D68C /* UITableView+Ext.swift */; };
		86DCCDB926BBFF93009C86A6 /* HomeVCPresenter.swift in Sources */ = {isa = PBXBuildFile; fileRef = 86DCCDB826BBFF93009C86A6 /* HomeVCPresenter.swift */; };
		86DCCDBB26BC045F009C86A6 /* HomeVC+PresenterDelegate.swift in Sources */ = {isa = PBXBuildFile; fileRef = 86DCCDBA26BC045F009C86A6 /* HomeVC+PresenterDelegate.swift */; };
		86DCCDBD26BC05F0009C86A6 /* HomeVC+TableView.swift in Sources */ = {isa = PBXBuildFile; fileRef = 86DCCDBC26BC05F0009C86A6 /* HomeVC+TableView.swift */; };
		86F3E98F26D2824500EBED9B /* OtherDetail.swift in Sources */ = {isa = PBXBuildFile; fileRef = 86F3E98E26D2824500EBED9B /* OtherDetail.swift */; };
		86F3E99326D29FF800EBED9B /* OtherDetailSingleItem.swift in Sources */ = {isa = PBXBuildFile; fileRef = 86F3E99226D29FF800EBED9B /* OtherDetailSingleItem.swift */; };
		8D189CA1D52DCE0B804AF4D5 /* Pods_BookApp.framework in Frameworks */ = {isa = PBXBuildFile; fileRef = CA4098C01982B1316F11BA53 /* Pods_BookApp.framework */; };
		E43FA6F5C5EAF89685408735 /* Pods_BookApp_BookAppUITests.framework in Frameworks */ = {isa = PBXBuildFile; fileRef = B24152F8FE21E52DCA6AC3DB /* Pods_BookApp_BookAppUITests.framework */; };
/* End PBXBuildFile section */

/* Begin PBXContainerItemProxy section */
		86596E39269DB38C001154A9 /* PBXContainerItemProxy */ = {
			isa = PBXContainerItemProxy;
			containerPortal = 86596E1A269DB38A001154A9 /* Project object */;
			proxyType = 1;
			remoteGlobalIDString = 86596E21269DB38A001154A9;
			remoteInfo = BookApp;
		};
		86596E44269DB38C001154A9 /* PBXContainerItemProxy */ = {
			isa = PBXContainerItemProxy;
			containerPortal = 86596E1A269DB38A001154A9 /* Project object */;
			proxyType = 1;
			remoteGlobalIDString = 86596E21269DB38A001154A9;
			remoteInfo = BookApp;
		};
/* End PBXContainerItemProxy section */

/* Begin PBXFileReference section */
		2CF2530A62CE1E662C3563C4 /* Pods-BookApp-BookAppUITests.debug.xcconfig */ = {isa = PBXFileReference; includeInIndex = 1; lastKnownFileType = text.xcconfig; name = "Pods-BookApp-BookAppUITests.debug.xcconfig"; path = "Target Support Files/Pods-BookApp-BookAppUITests/Pods-BookApp-BookAppUITests.debug.xcconfig"; sourceTree = "<group>"; };
		363CC224E37902522989E7E7 /* Pods-BookApp-BookAppUITests.release.xcconfig */ = {isa = PBXFileReference; includeInIndex = 1; lastKnownFileType = text.xcconfig; name = "Pods-BookApp-BookAppUITests.release.xcconfig"; path = "Target Support Files/Pods-BookApp-BookAppUITests/Pods-BookApp-BookAppUITests.release.xcconfig"; sourceTree = "<group>"; };
		456F65CBC6D12CB980CBC1C7 /* Pods-BookAppTests.release.xcconfig */ = {isa = PBXFileReference; includeInIndex = 1; lastKnownFileType = text.xcconfig; name = "Pods-BookAppTests.release.xcconfig"; path = "Target Support Files/Pods-BookAppTests/Pods-BookAppTests.release.xcconfig"; sourceTree = "<group>"; };
		768E57D0ECBF2ECA0A7B1BA6 /* Pods-BookAppTests.debug.xcconfig */ = {isa = PBXFileReference; includeInIndex = 1; lastKnownFileType = text.xcconfig; name = "Pods-BookAppTests.debug.xcconfig"; path = "Target Support Files/Pods-BookAppTests/Pods-BookAppTests.debug.xcconfig"; sourceTree = "<group>"; };
		861817E4269DB9D4005420A9 /* HomeVC.swift */ = {isa = PBXFileReference; lastKnownFileType = sourcecode.swift; path = HomeVC.swift; sourceTree = "<group>"; };
		861817E7269DBA44005420A9 /* GFButton.swift */ = {isa = PBXFileReference; lastKnownFileType = sourcecode.swift; path = GFButton.swift; sourceTree = "<group>"; };
		861817EA269DBA81005420A9 /* GFBodyLabel.swift */ = {isa = PBXFileReference; lastKnownFileType = sourcecode.swift; path = GFBodyLabel.swift; sourceTree = "<group>"; };
		861817ED269DBABD005420A9 /* GFSecondaryTitleLabel.swift */ = {isa = PBXFileReference; lastKnownFileType = sourcecode.swift; path = GFSecondaryTitleLabel.swift; sourceTree = "<group>"; };
		861817EF269DBADB005420A9 /* GFTitleLabel.swift */ = {isa = PBXFileReference; lastKnownFileType = sourcecode.swift; path = GFTitleLabel.swift; sourceTree = "<group>"; };
		861817F1269DBB37005420A9 /* UIViewController+Ext.swift */ = {isa = PBXFileReference; lastKnownFileType = sourcecode.swift; path = "UIViewController+Ext.swift"; sourceTree = "<group>"; };
		861817F3269DBC45005420A9 /* ApiService.swift */ = {isa = PBXFileReference; lastKnownFileType = sourcecode.swift; path = ApiService.swift; sourceTree = "<group>"; };
		861817F5269DBF3E005420A9 /* HomeTableViewCell.swift */ = {isa = PBXFileReference; lastKnownFileType = sourcecode.swift; path = HomeTableViewCell.swift; sourceTree = "<group>"; };
		861817F7269DC21D005420A9 /* Book.swift */ = {isa = PBXFileReference; lastKnownFileType = sourcecode.swift; path = Book.swift; sourceTree = "<group>"; };
		861817FB269DC420005420A9 /* HomeBaseError.swift */ = {isa = PBXFileReference; lastKnownFileType = sourcecode.swift; path = HomeBaseError.swift; sourceTree = "<group>"; };
		861EDFFC26BD534B001ABAF5 /* DetailVCPresenter.swift */ = {isa = PBXFileReference; lastKnownFileType = sourcecode.swift; path = DetailVCPresenter.swift; sourceTree = "<group>"; };
		861EDFFE26BD57ED001ABAF5 /* DetailVC+Delegate.swift */ = {isa = PBXFileReference; lastKnownFileType = sourcecode.swift; path = "DetailVC+Delegate.swift"; sourceTree = "<group>"; };
		862DA69B26C14F330033C892 /* HeaderView.swift */ = {isa = PBXFileReference; lastKnownFileType = sourcecode.swift; path = HeaderView.swift; sourceTree = "<group>"; };
		862DA69F26C154330033C892 /* MainDetail+Delegate.swift */ = {isa = PBXFileReference; lastKnownFileType = sourcecode.swift; path = "MainDetail+Delegate.swift"; sourceTree = "<group>"; };
		862DA6A326C175730033C892 /* MainDetail.swift */ = {isa = PBXFileReference; lastKnownFileType = sourcecode.swift; path = MainDetail.swift; sourceTree = "<group>"; };
		862DA6A526C1764A0033C892 /* ButtonsAction.swift */ = {isa = PBXFileReference; lastKnownFileType = sourcecode.swift; path = ButtonsAction.swift; sourceTree = "<group>"; };
		862F0BC526D3B5D300E884F1 /* CartVCPresenter.swift */ = {isa = PBXFileReference; lastKnownFileType = sourcecode.swift; path = CartVCPresenter.swift; sourceTree = "<group>"; };
		862F0BC726D3B7BC00E884F1 /* CartTableViewCell.swift */ = {isa = PBXFileReference; lastKnownFileType = sourcecode.swift; path = CartTableViewCell.swift; sourceTree = "<group>"; };
		862F0BC926D3B97700E884F1 /* CartVC+TableView.swift */ = {isa = PBXFileReference; lastKnownFileType = sourcecode.swift; path = "CartVC+TableView.swift"; sourceTree = "<group>"; };
		862F0BCB26D3E20900E884F1 /* CartVC+CartViewDelegate.swift */ = {isa = PBXFileReference; lastKnownFileType = sourcecode.swift; path = "CartVC+CartViewDelegate.swift"; sourceTree = "<group>"; };
		862F12CB26D54445006CD285 /* HttpRequest.swift */ = {isa = PBXFileReference; lastKnownFileType = sourcecode.swift; path = HttpRequest.swift; sourceTree = "<group>"; };
		862F12CD26D54486006CD285 /* CartManager.swift */ = {isa = PBXFileReference; lastKnownFileType = sourcecode.swift; path = CartManager.swift; sourceTree = "<group>"; };
		8643B0FF26A07F160037CFB1 /* CartVC.swift */ = {isa = PBXFileReference; lastKnownFileType = sourcecode.swift; path = CartVC.swift; sourceTree = "<group>"; };
		8643B10326A07F730037CFB1 /* SettingVC.swift */ = {isa = PBXFileReference; lastKnownFileType = sourcecode.swift; path = SettingVC.swift; sourceTree = "<group>"; };
		8643B10B26A07FF00037CFB1 /* DetailVC.swift */ = {isa = PBXFileReference; lastKnownFileType = sourcecode.swift; path = DetailVC.swift; sourceTree = "<group>"; };
		8643B10E26A080640037CFB1 /* TabBarController.swift */ = {isa = PBXFileReference; lastKnownFileType = sourcecode.swift; path = TabBarController.swift; sourceTree = "<group>"; };
		8643B11226A0887E0037CFB1 /* DetailModel.swift */ = {isa = PBXFileReference; lastKnownFileType = sourcecode.swift; path = DetailModel.swift; sourceTree = "<group>"; };
		86494DD826DE4980003FCCE2 /* CartBillDelegate.swift */ = {isa = PBXFileReference; lastKnownFileType = sourcecode.swift; path = CartBillDelegate.swift; sourceTree = "<group>"; };
		86494DDD26DE6B3C003FCCE2 /* FavoriteVC.swift */ = {isa = PBXFileReference; lastKnownFileType = sourcecode.swift; path = FavoriteVC.swift; sourceTree = "<group>"; };
		86494DDF26DE8BE4003FCCE2 /* GFEmptyCart.swift */ = {isa = PBXFileReference; lastKnownFileType = sourcecode.swift; path = GFEmptyCart.swift; sourceTree = "<group>"; };
		864A120626D68D7600BC87D6 /* CartItem.swift */ = {isa = PBXFileReference; lastKnownFileType = sourcecode.swift; path = CartItem.swift; sourceTree = "<group>"; };
		86596E22269DB38A001154A9 /* BookApp.app */ = {isa = PBXFileReference; explicitFileType = wrapper.application; includeInIndex = 0; path = BookApp.app; sourceTree = BUILT_PRODUCTS_DIR; };
		86596E25269DB38A001154A9 /* AppDelegate.swift */ = {isa = PBXFileReference; lastKnownFileType = sourcecode.swift; path = AppDelegate.swift; sourceTree = "<group>"; };
		86596E27269DB38A001154A9 /* SceneDelegate.swift */ = {isa = PBXFileReference; lastKnownFileType = sourcecode.swift; path = SceneDelegate.swift; sourceTree = "<group>"; };
		86596E31269DB38B001154A9 /* Base */ = {isa = PBXFileReference; lastKnownFileType = file.storyboard; name = Base; path = Base.lproj/LaunchScreen.storyboard; sourceTree = "<group>"; };
		86596E33269DB38B001154A9 /* Info.plist */ = {isa = PBXFileReference; lastKnownFileType = text.plist.xml; path = Info.plist; sourceTree = "<group>"; };
		86596E38269DB38C001154A9 /* BookAppTests.xctest */ = {isa = PBXFileReference; explicitFileType = wrapper.cfbundle; includeInIndex = 0; path = BookAppTests.xctest; sourceTree = BUILT_PRODUCTS_DIR; };
		86596E3C269DB38C001154A9 /* BookAppTests.swift */ = {isa = PBXFileReference; lastKnownFileType = sourcecode.swift; path = BookAppTests.swift; sourceTree = "<group>"; };
		86596E3E269DB38C001154A9 /* Info.plist */ = {isa = PBXFileReference; lastKnownFileType = text.plist.xml; path = Info.plist; sourceTree = "<group>"; };
		86596E43269DB38C001154A9 /* BookAppUITests.xctest */ = {isa = PBXFileReference; explicitFileType = wrapper.cfbundle; includeInIndex = 0; path = BookAppUITests.xctest; sourceTree = BUILT_PRODUCTS_DIR; };
		86596E47269DB38C001154A9 /* BookAppUITests.swift */ = {isa = PBXFileReference; lastKnownFileType = sourcecode.swift; path = BookAppUITests.swift; sourceTree = "<group>"; };
		86596E49269DB38C001154A9 /* Info.plist */ = {isa = PBXFileReference; lastKnownFileType = text.plist.xml; path = Info.plist; sourceTree = "<group>"; };
		865FDD2826BC174E00DE594F /* HomeVC+SearchDelegate.swift */ = {isa = PBXFileReference; lastKnownFileType = sourcecode.swift; path = "HomeVC+SearchDelegate.swift"; sourceTree = "<group>"; };
		86A4B2EB26DD1E17006EF959 /* BillView.swift */ = {isa = PBXFileReference; lastKnownFileType = sourcecode.swift; path = BillView.swift; sourceTree = "<group>"; };
		86B05C0A269EF49F00C70463 /* GFAlertVC.swift */ = {isa = PBXFileReference; lastKnownFileType = sourcecode.swift; path = GFAlertVC.swift; sourceTree = "<group>"; };
		86B05C0C269F055C00C70463 /* constants.swift */ = {isa = PBXFileReference; lastKnownFileType = sourcecode.swift; path = constants.swift; sourceTree = "<group>"; };
		86BB24E926C0337A00B2D68C /* Assets.xcassets */ = {isa = PBXFileReference; lastKnownFileType = folder.assetcatalog; path = Assets.xcassets; sourceTree = "<group>"; };
		86BB24EE26C035C800B2D68C /* Animation.swift */ = {isa = PBXFileReference; lastKnownFileType = sourcecode.swift; path = Animation.swift; sourceTree = "<group>"; };
		86BB24F026C035E700B2D68C /* Animator.swift */ = {isa = PBXFileReference; lastKnownFileType = sourcecode.swift; path = Animator.swift; sourceTree = "<group>"; };
		86BB24F226C0363700B2D68C /* UITableView+Ext.swift */ = {isa = PBXFileReference; lastKnownFileType = sourcecode.swift; path = "UITableView+Ext.swift"; sourceTree = "<group>"; };
		86DCCDB826BBFF93009C86A6 /* HomeVCPresenter.swift */ = {isa = PBXFileReference; lastKnownFileType = sourcecode.swift; path = HomeVCPresenter.swift; sourceTree = "<group>"; };
		86DCCDBA26BC045F009C86A6 /* HomeVC+PresenterDelegate.swift */ = {isa = PBXFileReference; lastKnownFileType = sourcecode.swift; path = "HomeVC+PresenterDelegate.swift"; sourceTree = "<group>"; };
		86DCCDBC26BC05F0009C86A6 /* HomeVC+TableView.swift */ = {isa = PBXFileReference; lastKnownFileType = sourcecode.swift; path = "HomeVC+TableView.swift"; sourceTree = "<group>"; };
		86F3E98E26D2824500EBED9B /* OtherDetail.swift */ = {isa = PBXFileReference; lastKnownFileType = sourcecode.swift; path = OtherDetail.swift; sourceTree = "<group>"; };
		86F3E99226D29FF800EBED9B /* OtherDetailSingleItem.swift */ = {isa = PBXFileReference; lastKnownFileType = sourcecode.swift; path = OtherDetailSingleItem.swift; sourceTree = "<group>"; };
		98AA9C4B4ED26A795DC62B9F /* Pods-BookApp.release.xcconfig */ = {isa = PBXFileReference; includeInIndex = 1; lastKnownFileType = text.xcconfig; name = "Pods-BookApp.release.xcconfig"; path = "Target Support Files/Pods-BookApp/Pods-BookApp.release.xcconfig"; sourceTree = "<group>"; };
		B24152F8FE21E52DCA6AC3DB /* Pods_BookApp_BookAppUITests.framework */ = {isa = PBXFileReference; explicitFileType = wrapper.framework; includeInIndex = 0; path = Pods_BookApp_BookAppUITests.framework; sourceTree = BUILT_PRODUCTS_DIR; };
		CA4098C01982B1316F11BA53 /* Pods_BookApp.framework */ = {isa = PBXFileReference; explicitFileType = wrapper.framework; includeInIndex = 0; path = Pods_BookApp.framework; sourceTree = BUILT_PRODUCTS_DIR; };
		E294DFEA27C3BFCE6B4E54E0 /* Pods-BookApp.debug.xcconfig */ = {isa = PBXFileReference; includeInIndex = 1; lastKnownFileType = text.xcconfig; name = "Pods-BookApp.debug.xcconfig"; path = "Target Support Files/Pods-BookApp/Pods-BookApp.debug.xcconfig"; sourceTree = "<group>"; };
		FB40091E494918481B37BEF2 /* Pods_BookAppTests.framework */ = {isa = PBXFileReference; explicitFileType = wrapper.framework; includeInIndex = 0; path = Pods_BookAppTests.framework; sourceTree = BUILT_PRODUCTS_DIR; };
/* End PBXFileReference section */

/* Begin PBXFrameworksBuildPhase section */
		86596E1F269DB38A001154A9 /* Frameworks */ = {
			isa = PBXFrameworksBuildPhase;
			buildActionMask = 2147483647;
			files = (
				8D189CA1D52DCE0B804AF4D5 /* Pods_BookApp.framework in Frameworks */,
			);
			runOnlyForDeploymentPostprocessing = 0;
		};
		86596E35269DB38C001154A9 /* Frameworks */ = {
			isa = PBXFrameworksBuildPhase;
			buildActionMask = 2147483647;
			files = (
				57D5948CD5D84FBC7494BCE7 /* Pods_BookAppTests.framework in Frameworks */,
			);
			runOnlyForDeploymentPostprocessing = 0;
		};
		86596E40269DB38C001154A9 /* Frameworks */ = {
			isa = PBXFrameworksBuildPhase;
			buildActionMask = 2147483647;
			files = (
				E43FA6F5C5EAF89685408735 /* Pods_BookApp_BookAppUITests.framework in Frameworks */,
			);
			runOnlyForDeploymentPostprocessing = 0;
		};
/* End PBXFrameworksBuildPhase section */

/* Begin PBXGroup section */
		0C16072B565604B4E9F69894 /* Pods */ = {
			isa = PBXGroup;
			children = (
				E294DFEA27C3BFCE6B4E54E0 /* Pods-BookApp.debug.xcconfig */,
				98AA9C4B4ED26A795DC62B9F /* Pods-BookApp.release.xcconfig */,
				2CF2530A62CE1E662C3563C4 /* Pods-BookApp-BookAppUITests.debug.xcconfig */,
				363CC224E37902522989E7E7 /* Pods-BookApp-BookAppUITests.release.xcconfig */,
				768E57D0ECBF2ECA0A7B1BA6 /* Pods-BookAppTests.debug.xcconfig */,
				456F65CBC6D12CB980CBC1C7 /* Pods-BookAppTests.release.xcconfig */,
			);
			path = Pods;
			sourceTree = "<group>";
		};
		279376DD38B4D3A770637C0F /* Frameworks */ = {
			isa = PBXGroup;
			children = (
				CA4098C01982B1316F11BA53 /* Pods_BookApp.framework */,
				B24152F8FE21E52DCA6AC3DB /* Pods_BookApp_BookAppUITests.framework */,
				FB40091E494918481B37BEF2 /* Pods_BookAppTests.framework */,
			);
			name = Frameworks;
			sourceTree = "<group>";
		};
		861817DF269DB98D005420A9 /* Home */ = {
			isa = PBXGroup;
			children = (
				86DCCDB326BBFE6D009C86A6 /* Presenter */,
				86DCCDB226BBFE3C009C86A6 /* Cell */,
				861817E1269DB99C005420A9 /* Model */,
				861817E0269DB994005420A9 /* View */,
			);
			path = Home;
			sourceTree = "<group>";
		};
		861817E0269DB994005420A9 /* View */ = {
			isa = PBXGroup;
			children = (
				861817E4269DB9D4005420A9 /* HomeVC.swift */,
				86DCCDBA26BC045F009C86A6 /* HomeVC+PresenterDelegate.swift */,
				86DCCDBC26BC05F0009C86A6 /* HomeVC+TableView.swift */,
				865FDD2826BC174E00DE594F /* HomeVC+SearchDelegate.swift */,
			);
			path = View;
			sourceTree = "<group>";
		};
		861817E1269DB99C005420A9 /* Model */ = {
			isa = PBXGroup;
			children = (
				861817F7269DC21D005420A9 /* Book.swift */,
				861817FB269DC420005420A9 /* HomeBaseError.swift */,
			);
			path = Model;
			sourceTree = "<group>";
		};
		861817E6269DBA22005420A9 /* Buttons */ = {
			isa = PBXGroup;
			children = (
				861817E7269DBA44005420A9 /* GFButton.swift */,
			);
			path = Buttons;
			sourceTree = "<group>";
		};
		861817E9269DBA5D005420A9 /* Labels */ = {
			isa = PBXGroup;
			children = (
				861817EA269DBA81005420A9 /* GFBodyLabel.swift */,
				861817ED269DBABD005420A9 /* GFSecondaryTitleLabel.swift */,
				861817EF269DBADB005420A9 /* GFTitleLabel.swift */,
			);
			path = Labels;
			sourceTree = "<group>";
		};
		861EDFFB26BD532B001ABAF5 /* Presenter */ = {
			isa = PBXGroup;
			children = (
				861EDFFC26BD534B001ABAF5 /* DetailVCPresenter.swift */,
			);
			path = Presenter;
			sourceTree = "<group>";
		};
		862DA69A26C14EFF0033C892 /* Components */ = {
			isa = PBXGroup;
			children = (
				862DA69B26C14F330033C892 /* HeaderView.swift */,
				862DA6A326C175730033C892 /* MainDetail.swift */,
				862DA6A526C1764A0033C892 /* ButtonsAction.swift */,
				86F3E98E26D2824500EBED9B /* OtherDetail.swift */,
				86F3E99226D29FF800EBED9B /* OtherDetailSingleItem.swift */,
			);
			path = Components;
			sourceTree = "<group>";
		};
		862F0BC426D3B5BB00E884F1 /* Cell */ = {
			isa = PBXGroup;
			children = (
				862F0BC726D3B7BC00E884F1 /* CartTableViewCell.swift */,
			);
			path = Cell;
			sourceTree = "<group>";
		};
		862F12CA26D5443C006CD285 /* Api Service */ = {
			isa = PBXGroup;
			children = (
				861817F3269DBC45005420A9 /* ApiService.swift */,
				862F12CB26D54445006CD285 /* HttpRequest.swift */,
			);
			path = "Api Service";
			sourceTree = "<group>";
		};
		862F12CC26D54466006CD285 /* CartManager */ = {
			isa = PBXGroup;
			children = (
				862F12CD26D54486006CD285 /* CartManager.swift */,
			);
			path = CartManager;
			sourceTree = "<group>";
		};
		8643B0FB26A07EE30037CFB1 /* Cart */ = {
			isa = PBXGroup;
			children = (
				86494DDA26DE49ED003FCCE2 /* component */,
				862F0BC426D3B5BB00E884F1 /* Cell */,
				8643B0FE26A07EF90037CFB1 /* Presenter */,
				8643B0FD26A07EF40037CFB1 /* Model */,
				8643B0FC26A07EEE0037CFB1 /* View */,
			);
			path = Cart;
			sourceTree = "<group>";
		};
		8643B0FC26A07EEE0037CFB1 /* View */ = {
			isa = PBXGroup;
			children = (
				8643B0FF26A07F160037CFB1 /* CartVC.swift */,
				862F0BC926D3B97700E884F1 /* CartVC+TableView.swift */,
				862F0BCB26D3E20900E884F1 /* CartVC+CartViewDelegate.swift */,
				86494DD826DE4980003FCCE2 /* CartBillDelegate.swift */,
			);
			path = View;
			sourceTree = "<group>";
		};
		8643B0FD26A07EF40037CFB1 /* Model */ = {
			isa = PBXGroup;
			children = (
				864A120626D68D7600BC87D6 /* CartItem.swift */,
			);
			path = Model;
			sourceTree = "<group>";
		};
		8643B0FE26A07EF90037CFB1 /* Presenter */ = {
			isa = PBXGroup;
			children = (
				862F0BC526D3B5D300E884F1 /* CartVCPresenter.swift */,
			);
			path = Presenter;
			sourceTree = "<group>";
		};
		8643B10126A07F530037CFB1 /* Setting */ = {
			isa = PBXGroup;
			children = (
				8643B10626A07FAB0037CFB1 /* View Model */,
				8643B10526A07FA60037CFB1 /* Model */,
				8643B10226A07F620037CFB1 /* View */,
			);
			path = Setting;
			sourceTree = "<group>";
		};
		8643B10226A07F620037CFB1 /* View */ = {
			isa = PBXGroup;
			children = (
				8643B10326A07F730037CFB1 /* SettingVC.swift */,
			);
			path = View;
			sourceTree = "<group>";
		};
		8643B10526A07FA60037CFB1 /* Model */ = {
			isa = PBXGroup;
			children = (
			);
			path = Model;
			sourceTree = "<group>";
		};
		8643B10626A07FAB0037CFB1 /* View Model */ = {
			isa = PBXGroup;
			children = (
			);
			path = "View Model";
			sourceTree = "<group>";
		};
		8643B10726A07FB70037CFB1 /* Detail */ = {
			isa = PBXGroup;
			children = (
				862DA69A26C14EFF0033C892 /* Components */,
				861EDFFB26BD532B001ABAF5 /* Presenter */,
				8643B10926A07FD30037CFB1 /* Model */,
				8643B10826A07FCC0037CFB1 /* View */,
			);
			path = Detail;
			sourceTree = "<group>";
		};
		8643B10826A07FCC0037CFB1 /* View */ = {
			isa = PBXGroup;
			children = (
				8643B10B26A07FF00037CFB1 /* DetailVC.swift */,
				861EDFFE26BD57ED001ABAF5 /* DetailVC+Delegate.swift */,
				862DA69F26C154330033C892 /* MainDetail+Delegate.swift */,
			);
			path = View;
			sourceTree = "<group>";
		};
		8643B10926A07FD30037CFB1 /* Model */ = {
			isa = PBXGroup;
			children = (
				8643B11226A0887E0037CFB1 /* DetailModel.swift */,
			);
			path = Model;
			sourceTree = "<group>";
		};
		8643B10D26A080390037CFB1 /* Views */ = {
			isa = PBXGroup;
			children = (
				8643B10E26A080640037CFB1 /* TabBarController.swift */,
				86494DDF26DE8BE4003FCCE2 /* GFEmptyCart.swift */,
			);
			path = Views;
			sourceTree = "<group>";
		};
		86494DDA26DE49ED003FCCE2 /* component */ = {
			isa = PBXGroup;
			children = (
				86A4B2EB26DD1E17006EF959 /* BillView.swift */,
			);
			path = component;
			sourceTree = "<group>";
		};
		86494DDB26DE6AB0003FCCE2 /* Favorite */ = {
			isa = PBXGroup;
			children = (
				86494DDC26DE6AF4003FCCE2 /* View */,
			);
			path = Favorite;
			sourceTree = "<group>";
		};
		86494DDC26DE6AF4003FCCE2 /* View */ = {
			isa = PBXGroup;
			children = (
				86494DDD26DE6B3C003FCCE2 /* FavoriteVC.swift */,
			);
			path = View;
			sourceTree = "<group>";
		};
		86596E19269DB38A001154A9 = {
			isa = PBXGroup;
			children = (
				86596E24269DB38A001154A9 /* BookApp */,
				86596E3B269DB38C001154A9 /* BookAppTests */,
				86596E46269DB38C001154A9 /* BookAppUITests */,
				86596E23269DB38A001154A9 /* Products */,
				0C16072B565604B4E9F69894 /* Pods */,
				279376DD38B4D3A770637C0F /* Frameworks */,
			);
			sourceTree = "<group>";
		};
		86596E23269DB38A001154A9 /* Products */ = {
			isa = PBXGroup;
			children = (
				86596E22269DB38A001154A9 /* BookApp.app */,
				86596E38269DB38C001154A9 /* BookAppTests.xctest */,
				86596E43269DB38C001154A9 /* BookAppUITests.xctest */,
			);
			name = Products;
			sourceTree = "<group>";
		};
		86596E24269DB38A001154A9 /* BookApp */ = {
			isa = PBXGroup;
			children = (
				86596E5A269DB42B001154A9 /* Mangers */,
				86596E59269DB41F001154A9 /* Extentions */,
				86596E58269DB410001154A9 /* Constants */,
				86596E57269DB3F9001154A9 /* Screens */,
				86596E56269DB3E9001154A9 /* common */,
				86596E55269DB3C5001154A9 /* Support */,
				86596E33269DB38B001154A9 /* Info.plist */,
			);
			path = BookApp;
			sourceTree = "<group>";
		};
		86596E3B269DB38C001154A9 /* BookAppTests */ = {
			isa = PBXGroup;
			children = (
				86596E3C269DB38C001154A9 /* BookAppTests.swift */,
				86596E3E269DB38C001154A9 /* Info.plist */,
			);
			path = BookAppTests;
			sourceTree = "<group>";
		};
		86596E46269DB38C001154A9 /* BookAppUITests */ = {
			isa = PBXGroup;
			children = (
				86596E47269DB38C001154A9 /* BookAppUITests.swift */,
				86596E49269DB38C001154A9 /* Info.plist */,
			);
			path = BookAppUITests;
			sourceTree = "<group>";
		};
		86596E55269DB3C5001154A9 /* Support */ = {
			isa = PBXGroup;
			children = (
				86BB24E926C0337A00B2D68C /* Assets.xcassets */,
				86596E25269DB38A001154A9 /* AppDelegate.swift */,
				86596E27269DB38A001154A9 /* SceneDelegate.swift */,
				86596E30269DB38B001154A9 /* LaunchScreen.storyboard */,
			);
			path = Support;
			sourceTree = "<group>";
		};
		86596E56269DB3E9001154A9 /* common */ = {
			isa = PBXGroup;
			children = (
				86BB24ED26C035B500B2D68C /* Animations */,
				8643B10D26A080390037CFB1 /* Views */,
				86B05C09269EF47C00C70463 /* View Controllers */,
				861817E9269DBA5D005420A9 /* Labels */,
				861817E6269DBA22005420A9 /* Buttons */,
			);
			path = common;
			sourceTree = "<group>";
		};
		86596E57269DB3F9001154A9 /* Screens */ = {
			isa = PBXGroup;
			children = (
				86494DDB26DE6AB0003FCCE2 /* Favorite */,
				8643B10726A07FB70037CFB1 /* Detail */,
				8643B10126A07F530037CFB1 /* Setting */,
				8643B0FB26A07EE30037CFB1 /* Cart */,
				861817DF269DB98D005420A9 /* Home */,
			);
			path = Screens;
			sourceTree = "<group>";
		};
		86596E58269DB410001154A9 /* Constants */ = {
			isa = PBXGroup;
			children = (
				86B05C0C269F055C00C70463 /* constants.swift */,
			);
			path = Constants;
			sourceTree = "<group>";
		};
		86596E59269DB41F001154A9 /* Extentions */ = {
			isa = PBXGroup;
			children = (
				861817F1269DBB37005420A9 /* UIViewController+Ext.swift */,
				86BB24F226C0363700B2D68C /* UITableView+Ext.swift */,
			);
			path = Extentions;
			sourceTree = "<group>";
		};
		86596E5A269DB42B001154A9 /* Mangers */ = {
			isa = PBXGroup;
			children = (
				862F12CC26D54466006CD285 /* CartManager */,
				862F12CA26D5443C006CD285 /* Api Service */,
			);
			path = Mangers;
			sourceTree = "<group>";
		};
		86B05C09269EF47C00C70463 /* View Controllers */ = {
			isa = PBXGroup;
			children = (
				86B05C0A269EF49F00C70463 /* GFAlertVC.swift */,
			);
			path = "View Controllers";
			sourceTree = "<group>";
		};
		86BB24ED26C035B500B2D68C /* Animations */ = {
			isa = PBXGroup;
			children = (
				86BB24EE26C035C800B2D68C /* Animation.swift */,
				86BB24F026C035E700B2D68C /* Animator.swift */,
			);
			path = Animations;
			sourceTree = "<group>";
		};
		86DCCDB226BBFE3C009C86A6 /* Cell */ = {
			isa = PBXGroup;
			children = (
				861817F5269DBF3E005420A9 /* HomeTableViewCell.swift */,
			);
			path = Cell;
			sourceTree = "<group>";
		};
		86DCCDB326BBFE6D009C86A6 /* Presenter */ = {
			isa = PBXGroup;
			children = (
				86DCCDB826BBFF93009C86A6 /* HomeVCPresenter.swift */,
			);
			path = Presenter;
			sourceTree = "<group>";
		};
/* End PBXGroup section */

/* Begin PBXNativeTarget section */
		86596E21269DB38A001154A9 /* BookApp */ = {
			isa = PBXNativeTarget;
			buildConfigurationList = 86596E4C269DB38C001154A9 /* Build configuration list for PBXNativeTarget "BookApp" */;
			buildPhases = (
				7849E4736F1DD336DD7CB079 /* [CP] Check Pods Manifest.lock */,
				86596E1E269DB38A001154A9 /* Sources */,
				86596E1F269DB38A001154A9 /* Frameworks */,
				86596E20269DB38A001154A9 /* Resources */,
				9F3DD7685FFAE4C4108B1305 /* [CP] Embed Pods Frameworks */,
			);
			buildRules = (
			);
			dependencies = (
			);
			name = BookApp;
			productName = BookApp;
			productReference = 86596E22269DB38A001154A9 /* BookApp.app */;
			productType = "com.apple.product-type.application";
		};
		86596E37269DB38C001154A9 /* BookAppTests */ = {
			isa = PBXNativeTarget;
			buildConfigurationList = 86596E4F269DB38C001154A9 /* Build configuration list for PBXNativeTarget "BookAppTests" */;
			buildPhases = (
				ADEEFD482356EE5D987712B0 /* [CP] Check Pods Manifest.lock */,
				86596E34269DB38C001154A9 /* Sources */,
				86596E35269DB38C001154A9 /* Frameworks */,
				86596E36269DB38C001154A9 /* Resources */,
			);
			buildRules = (
			);
			dependencies = (
				86596E3A269DB38C001154A9 /* PBXTargetDependency */,
			);
			name = BookAppTests;
			productName = BookAppTests;
			productReference = 86596E38269DB38C001154A9 /* BookAppTests.xctest */;
			productType = "com.apple.product-type.bundle.unit-test";
		};
		86596E42269DB38C001154A9 /* BookAppUITests */ = {
			isa = PBXNativeTarget;
			buildConfigurationList = 86596E52269DB38C001154A9 /* Build configuration list for PBXNativeTarget "BookAppUITests" */;
			buildPhases = (
				EE18D27187B25432C5EF26C7 /* [CP] Check Pods Manifest.lock */,
				86596E3F269DB38C001154A9 /* Sources */,
				86596E40269DB38C001154A9 /* Frameworks */,
				86596E41269DB38C001154A9 /* Resources */,
				F9D9DD74D44952DE866DF7F0 /* [CP] Embed Pods Frameworks */,
			);
			buildRules = (
			);
			dependencies = (
				86596E45269DB38C001154A9 /* PBXTargetDependency */,
			);
			name = BookAppUITests;
			productName = BookAppUITests;
			productReference = 86596E43269DB38C001154A9 /* BookAppUITests.xctest */;
			productType = "com.apple.product-type.bundle.ui-testing";
		};
/* End PBXNativeTarget section */

/* Begin PBXProject section */
		86596E1A269DB38A001154A9 /* Project object */ = {
			isa = PBXProject;
			attributes = {
				LastSwiftUpdateCheck = 1250;
				LastUpgradeCheck = 1250;
				TargetAttributes = {
					86596E21269DB38A001154A9 = {
						CreatedOnToolsVersion = 12.5.1;
					};
					86596E37269DB38C001154A9 = {
						CreatedOnToolsVersion = 12.5.1;
						TestTargetID = 86596E21269DB38A001154A9;
					};
					86596E42269DB38C001154A9 = {
						CreatedOnToolsVersion = 12.5.1;
						TestTargetID = 86596E21269DB38A001154A9;
					};
				};
			};
			buildConfigurationList = 86596E1D269DB38A001154A9 /* Build configuration list for PBXProject "BookApp" */;
			compatibilityVersion = "Xcode 9.3";
			developmentRegion = en;
			hasScannedForEncodings = 0;
			knownRegions = (
				en,
				Base,
			);
			mainGroup = 86596E19269DB38A001154A9;
			productRefGroup = 86596E23269DB38A001154A9 /* Products */;
			projectDirPath = "";
			projectRoot = "";
			targets = (
				86596E21269DB38A001154A9 /* BookApp */,
				86596E37269DB38C001154A9 /* BookAppTests */,
				86596E42269DB38C001154A9 /* BookAppUITests */,
			);
		};
/* End PBXProject section */

/* Begin PBXResourcesBuildPhase section */
		86596E20269DB38A001154A9 /* Resources */ = {
			isa = PBXResourcesBuildPhase;
			buildActionMask = 2147483647;
			files = (
				86BB24EA26C0337A00B2D68C /* Assets.xcassets in Resources */,
				86596E32269DB38B001154A9 /* LaunchScreen.storyboard in Resources */,
			);
			runOnlyForDeploymentPostprocessing = 0;
		};
		86596E36269DB38C001154A9 /* Resources */ = {
			isa = PBXResourcesBuildPhase;
			buildActionMask = 2147483647;
			files = (
			);
			runOnlyForDeploymentPostprocessing = 0;
		};
		86596E41269DB38C001154A9 /* Resources */ = {
			isa = PBXResourcesBuildPhase;
			buildActionMask = 2147483647;
			files = (
			);
			runOnlyForDeploymentPostprocessing = 0;
		};
/* End PBXResourcesBuildPhase section */

/* Begin PBXShellScriptBuildPhase section */
		7849E4736F1DD336DD7CB079 /* [CP] Check Pods Manifest.lock */ = {
			isa = PBXShellScriptBuildPhase;
			buildActionMask = 2147483647;
			files = (
			);
			inputFileListPaths = (
			);
			inputPaths = (
				"${PODS_PODFILE_DIR_PATH}/Podfile.lock",
				"${PODS_ROOT}/Manifest.lock",
			);
			name = "[CP] Check Pods Manifest.lock";
			outputFileListPaths = (
			);
			outputPaths = (
				"$(DERIVED_FILE_DIR)/Pods-BookApp-checkManifestLockResult.txt",
			);
			runOnlyForDeploymentPostprocessing = 0;
			shellPath = /bin/sh;
			shellScript = "diff \"${PODS_PODFILE_DIR_PATH}/Podfile.lock\" \"${PODS_ROOT}/Manifest.lock\" > /dev/null\nif [ $? != 0 ] ; then\n    # print error to STDERR\n    echo \"error: The sandbox is not in sync with the Podfile.lock. Run 'pod install' or update your CocoaPods installation.\" >&2\n    exit 1\nfi\n# This output is used by Xcode 'outputs' to avoid re-running this script phase.\necho \"SUCCESS\" > \"${SCRIPT_OUTPUT_FILE_0}\"\n";
			showEnvVarsInLog = 0;
		};
		9F3DD7685FFAE4C4108B1305 /* [CP] Embed Pods Frameworks */ = {
			isa = PBXShellScriptBuildPhase;
			buildActionMask = 2147483647;
			files = (
			);
			inputFileListPaths = (
				"${PODS_ROOT}/Target Support Files/Pods-BookApp/Pods-BookApp-frameworks-${CONFIGURATION}-input-files.xcfilelist",
			);
			name = "[CP] Embed Pods Frameworks";
			outputFileListPaths = (
				"${PODS_ROOT}/Target Support Files/Pods-BookApp/Pods-BookApp-frameworks-${CONFIGURATION}-output-files.xcfilelist",
			);
			runOnlyForDeploymentPostprocessing = 0;
			shellPath = /bin/sh;
			shellScript = "\"${PODS_ROOT}/Target Support Files/Pods-BookApp/Pods-BookApp-frameworks.sh\"\n";
			showEnvVarsInLog = 0;
		};
		ADEEFD482356EE5D987712B0 /* [CP] Check Pods Manifest.lock */ = {
			isa = PBXShellScriptBuildPhase;
			buildActionMask = 2147483647;
			files = (
			);
			inputFileListPaths = (
			);
			inputPaths = (
				"${PODS_PODFILE_DIR_PATH}/Podfile.lock",
				"${PODS_ROOT}/Manifest.lock",
			);
			name = "[CP] Check Pods Manifest.lock";
			outputFileListPaths = (
			);
			outputPaths = (
				"$(DERIVED_FILE_DIR)/Pods-BookAppTests-checkManifestLockResult.txt",
			);
			runOnlyForDeploymentPostprocessing = 0;
			shellPath = /bin/sh;
			shellScript = "diff \"${PODS_PODFILE_DIR_PATH}/Podfile.lock\" \"${PODS_ROOT}/Manifest.lock\" > /dev/null\nif [ $? != 0 ] ; then\n    # print error to STDERR\n    echo \"error: The sandbox is not in sync with the Podfile.lock. Run 'pod install' or update your CocoaPods installation.\" >&2\n    exit 1\nfi\n# This output is used by Xcode 'outputs' to avoid re-running this script phase.\necho \"SUCCESS\" > \"${SCRIPT_OUTPUT_FILE_0}\"\n";
			showEnvVarsInLog = 0;
		};
		EE18D27187B25432C5EF26C7 /* [CP] Check Pods Manifest.lock */ = {
			isa = PBXShellScriptBuildPhase;
			buildActionMask = 2147483647;
			files = (
			);
			inputFileListPaths = (
			);
			inputPaths = (
				"${PODS_PODFILE_DIR_PATH}/Podfile.lock",
				"${PODS_ROOT}/Manifest.lock",
			);
			name = "[CP] Check Pods Manifest.lock";
			outputFileListPaths = (
			);
			outputPaths = (
				"$(DERIVED_FILE_DIR)/Pods-BookApp-BookAppUITests-checkManifestLockResult.txt",
			);
			runOnlyForDeploymentPostprocessing = 0;
			shellPath = /bin/sh;
			shellScript = "diff \"${PODS_PODFILE_DIR_PATH}/Podfile.lock\" \"${PODS_ROOT}/Manifest.lock\" > /dev/null\nif [ $? != 0 ] ; then\n    # print error to STDERR\n    echo \"error: The sandbox is not in sync with the Podfile.lock. Run 'pod install' or update your CocoaPods installation.\" >&2\n    exit 1\nfi\n# This output is used by Xcode 'outputs' to avoid re-running this script phase.\necho \"SUCCESS\" > \"${SCRIPT_OUTPUT_FILE_0}\"\n";
			showEnvVarsInLog = 0;
		};
		F9D9DD74D44952DE866DF7F0 /* [CP] Embed Pods Frameworks */ = {
			isa = PBXShellScriptBuildPhase;
			buildActionMask = 2147483647;
			files = (
			);
			inputFileListPaths = (
				"${PODS_ROOT}/Target Support Files/Pods-BookApp-BookAppUITests/Pods-BookApp-BookAppUITests-frameworks-${CONFIGURATION}-input-files.xcfilelist",
			);
			name = "[CP] Embed Pods Frameworks";
			outputFileListPaths = (
				"${PODS_ROOT}/Target Support Files/Pods-BookApp-BookAppUITests/Pods-BookApp-BookAppUITests-frameworks-${CONFIGURATION}-output-files.xcfilelist",
			);
			runOnlyForDeploymentPostprocessing = 0;
			shellPath = /bin/sh;
			shellScript = "\"${PODS_ROOT}/Target Support Files/Pods-BookApp-BookAppUITests/Pods-BookApp-BookAppUITests-frameworks.sh\"\n";
			showEnvVarsInLog = 0;
		};
/* End PBXShellScriptBuildPhase section */

/* Begin PBXSourcesBuildPhase section */
		86596E1E269DB38A001154A9 /* Sources */ = {
			isa = PBXSourcesBuildPhase;
			buildActionMask = 2147483647;
			files = (
				86BB24F126C035E700B2D68C /* Animator.swift in Sources */,
				86A4B2EC26DD1E17006EF959 /* BillView.swift in Sources */,
				86494DDE26DE6B3C003FCCE2 /* FavoriteVC.swift in Sources */,
				862F12CE26D54486006CD285 /* CartManager.swift in Sources */,
				861817F0269DBADB005420A9 /* GFTitleLabel.swift in Sources */,
				8643B10426A07F730037CFB1 /* SettingVC.swift in Sources */,
				862DA6A426C175730033C892 /* MainDetail.swift in Sources */,
				861817E5269DB9D4005420A9 /* HomeVC.swift in Sources */,
				8643B10C26A07FF00037CFB1 /* DetailVC.swift in Sources */,
				861817EE269DBABD005420A9 /* GFSecondaryTitleLabel.swift in Sources */,
				8643B10026A07F160037CFB1 /* CartVC.swift in Sources */,
				86B05C0D269F055C00C70463 /* constants.swift in Sources */,
				861817F8269DC21D005420A9 /* Book.swift in Sources */,
				861817FC269DC420005420A9 /* HomeBaseError.swift in Sources */,
				86DCCDBB26BC045F009C86A6 /* HomeVC+PresenterDelegate.swift in Sources */,
				86BB24F326C0363700B2D68C /* UITableView+Ext.swift in Sources */,
				86DCCDB926BBFF93009C86A6 /* HomeVCPresenter.swift in Sources */,
				86596E26269DB38A001154A9 /* AppDelegate.swift in Sources */,
				861817E8269DBA44005420A9 /* GFButton.swift in Sources */,
				86F3E98F26D2824500EBED9B /* OtherDetail.swift in Sources */,
				864A120726D68D7600BC87D6 /* CartItem.swift in Sources */,
				861817F4269DBC45005420A9 /* ApiService.swift in Sources */,
				862F0BC626D3B5D300E884F1 /* CartVCPresenter.swift in Sources */,
				862F0BCA26D3B97700E884F1 /* CartVC+TableView.swift in Sources */,
				86494DD926DE4980003FCCE2 /* CartBillDelegate.swift in Sources */,
				862F0BC826D3B7BC00E884F1 /* CartTableViewCell.swift in Sources */,
				862DA6A026C154330033C892 /* MainDetail+Delegate.swift in Sources */,
				8643B10F26A080640037CFB1 /* TabBarController.swift in Sources */,
				865FDD2926BC174E00DE594F /* HomeVC+SearchDelegate.swift in Sources */,
				862DA69C26C14F330033C892 /* HeaderView.swift in Sources */,
				86B05C0B269EF49F00C70463 /* GFAlertVC.swift in Sources */,
				86F3E99326D29FF800EBED9B /* OtherDetailSingleItem.swift in Sources */,
				862DA6A626C1764A0033C892 /* ButtonsAction.swift in Sources */,
				861817F6269DBF3E005420A9 /* HomeTableViewCell.swift in Sources */,
				86494DE026DE8BE4003FCCE2 /* GFEmptyCart.swift in Sources */,
				86BB24EF26C035C800B2D68C /* Animation.swift in Sources */,
				86596E28269DB38A001154A9 /* SceneDelegate.swift in Sources */,
				861EDFFD26BD534B001ABAF5 /* DetailVCPresenter.swift in Sources */,
				861817F2269DBB37005420A9 /* UIViewController+Ext.swift in Sources */,
				862F0BCC26D3E20900E884F1 /* CartVC+CartViewDelegate.swift in Sources */,
				861EDFFF26BD57ED001ABAF5 /* DetailVC+Delegate.swift in Sources */,
				8643B11326A0887E0037CFB1 /* DetailModel.swift in Sources */,
				861817EB269DBA81005420A9 /* GFBodyLabel.swift in Sources */,
				86DCCDBD26BC05F0009C86A6 /* HomeVC+TableView.swift in Sources */,
			);
			runOnlyForDeploymentPostprocessing = 0;
		};
		86596E34269DB38C001154A9 /* Sources */ = {
			isa = PBXSourcesBuildPhase;
			buildActionMask = 2147483647;
			files = (
				86596E3D269DB38C001154A9 /* BookAppTests.swift in Sources */,
			);
			runOnlyForDeploymentPostprocessing = 0;
		};
		86596E3F269DB38C001154A9 /* Sources */ = {
			isa = PBXSourcesBuildPhase;
			buildActionMask = 2147483647;
			files = (
				86596E48269DB38C001154A9 /* BookAppUITests.swift in Sources */,
			);
			runOnlyForDeploymentPostprocessing = 0;
		};
/* End PBXSourcesBuildPhase section */

/* Begin PBXTargetDependency section */
		86596E3A269DB38C001154A9 /* PBXTargetDependency */ = {
			isa = PBXTargetDependency;
			target = 86596E21269DB38A001154A9 /* BookApp */;
			targetProxy = 86596E39269DB38C001154A9 /* PBXContainerItemProxy */;
		};
		86596E45269DB38C001154A9 /* PBXTargetDependency */ = {
			isa = PBXTargetDependency;
			target = 86596E21269DB38A001154A9 /* BookApp */;
			targetProxy = 86596E44269DB38C001154A9 /* PBXContainerItemProxy */;
		};
/* End PBXTargetDependency section */

/* Begin PBXVariantGroup section */
		86596E30269DB38B001154A9 /* LaunchScreen.storyboard */ = {
			isa = PBXVariantGroup;
			children = (
				86596E31269DB38B001154A9 /* Base */,
			);
			name = LaunchScreen.storyboard;
			sourceTree = "<group>";
		};
/* End PBXVariantGroup section */

/* Begin XCBuildConfiguration section */
		86596E4A269DB38C001154A9 /* Debug */ = {
			isa = XCBuildConfiguration;
			buildSettings = {
				ALWAYS_SEARCH_USER_PATHS = NO;
				CLANG_ANALYZER_NONNULL = YES;
				CLANG_ANALYZER_NUMBER_OBJECT_CONVERSION = YES_AGGRESSIVE;
				CLANG_CXX_LANGUAGE_STANDARD = "gnu++14";
				CLANG_CXX_LIBRARY = "libc++";
				CLANG_ENABLE_MODULES = YES;
				CLANG_ENABLE_OBJC_ARC = YES;
				CLANG_ENABLE_OBJC_WEAK = YES;
				CLANG_WARN_BLOCK_CAPTURE_AUTORELEASING = YES;
				CLANG_WARN_BOOL_CONVERSION = YES;
				CLANG_WARN_COMMA = YES;
				CLANG_WARN_CONSTANT_CONVERSION = YES;
				CLANG_WARN_DEPRECATED_OBJC_IMPLEMENTATIONS = YES;
				CLANG_WARN_DIRECT_OBJC_ISA_USAGE = YES_ERROR;
				CLANG_WARN_DOCUMENTATION_COMMENTS = YES;
				CLANG_WARN_EMPTY_BODY = YES;
				CLANG_WARN_ENUM_CONVERSION = YES;
				CLANG_WARN_INFINITE_RECURSION = YES;
				CLANG_WARN_INT_CONVERSION = YES;
				CLANG_WARN_NON_LITERAL_NULL_CONVERSION = YES;
				CLANG_WARN_OBJC_IMPLICIT_RETAIN_SELF = YES;
				CLANG_WARN_OBJC_LITERAL_CONVERSION = YES;
				CLANG_WARN_OBJC_ROOT_CLASS = YES_ERROR;
				CLANG_WARN_QUOTED_INCLUDE_IN_FRAMEWORK_HEADER = YES;
				CLANG_WARN_RANGE_LOOP_ANALYSIS = YES;
				CLANG_WARN_STRICT_PROTOTYPES = YES;
				CLANG_WARN_SUSPICIOUS_MOVE = YES;
				CLANG_WARN_UNGUARDED_AVAILABILITY = YES_AGGRESSIVE;
				CLANG_WARN_UNREACHABLE_CODE = YES;
				CLANG_WARN__DUPLICATE_METHOD_MATCH = YES;
				COPY_PHASE_STRIP = NO;
				DEBUG_INFORMATION_FORMAT = dwarf;
				ENABLE_STRICT_OBJC_MSGSEND = YES;
				ENABLE_TESTABILITY = YES;
				GCC_C_LANGUAGE_STANDARD = gnu11;
				GCC_DYNAMIC_NO_PIC = NO;
				GCC_NO_COMMON_BLOCKS = YES;
				GCC_OPTIMIZATION_LEVEL = 0;
				GCC_PREPROCESSOR_DEFINITIONS = (
					"DEBUG=1",
					"$(inherited)",
				);
				GCC_WARN_64_TO_32_BIT_CONVERSION = YES;
				GCC_WARN_ABOUT_RETURN_TYPE = YES_ERROR;
				GCC_WARN_UNDECLARED_SELECTOR = YES;
				GCC_WARN_UNINITIALIZED_AUTOS = YES_AGGRESSIVE;
				GCC_WARN_UNUSED_FUNCTION = YES;
				GCC_WARN_UNUSED_VARIABLE = YES;
				IPHONEOS_DEPLOYMENT_TARGET = 14.5;
				MTL_ENABLE_DEBUG_INFO = INCLUDE_SOURCE;
				MTL_FAST_MATH = YES;
				ONLY_ACTIVE_ARCH = YES;
				SDKROOT = iphoneos;
				SWIFT_ACTIVE_COMPILATION_CONDITIONS = DEBUG;
				SWIFT_OPTIMIZATION_LEVEL = "-Onone";
			};
			name = Debug;
		};
		86596E4B269DB38C001154A9 /* Release */ = {
			isa = XCBuildConfiguration;
			buildSettings = {
				ALWAYS_SEARCH_USER_PATHS = NO;
				CLANG_ANALYZER_NONNULL = YES;
				CLANG_ANALYZER_NUMBER_OBJECT_CONVERSION = YES_AGGRESSIVE;
				CLANG_CXX_LANGUAGE_STANDARD = "gnu++14";
				CLANG_CXX_LIBRARY = "libc++";
				CLANG_ENABLE_MODULES = YES;
				CLANG_ENABLE_OBJC_ARC = YES;
				CLANG_ENABLE_OBJC_WEAK = YES;
				CLANG_WARN_BLOCK_CAPTURE_AUTORELEASING = YES;
				CLANG_WARN_BOOL_CONVERSION = YES;
				CLANG_WARN_COMMA = YES;
				CLANG_WARN_CONSTANT_CONVERSION = YES;
				CLANG_WARN_DEPRECATED_OBJC_IMPLEMENTATIONS = YES;
				CLANG_WARN_DIRECT_OBJC_ISA_USAGE = YES_ERROR;
				CLANG_WARN_DOCUMENTATION_COMMENTS = YES;
				CLANG_WARN_EMPTY_BODY = YES;
				CLANG_WARN_ENUM_CONVERSION = YES;
				CLANG_WARN_INFINITE_RECURSION = YES;
				CLANG_WARN_INT_CONVERSION = YES;
				CLANG_WARN_NON_LITERAL_NULL_CONVERSION = YES;
				CLANG_WARN_OBJC_IMPLICIT_RETAIN_SELF = YES;
				CLANG_WARN_OBJC_LITERAL_CONVERSION = YES;
				CLANG_WARN_OBJC_ROOT_CLASS = YES_ERROR;
				CLANG_WARN_QUOTED_INCLUDE_IN_FRAMEWORK_HEADER = YES;
				CLANG_WARN_RANGE_LOOP_ANALYSIS = YES;
				CLANG_WARN_STRICT_PROTOTYPES = YES;
				CLANG_WARN_SUSPICIOUS_MOVE = YES;
				CLANG_WARN_UNGUARDED_AVAILABILITY = YES_AGGRESSIVE;
				CLANG_WARN_UNREACHABLE_CODE = YES;
				CLANG_WARN__DUPLICATE_METHOD_MATCH = YES;
				COPY_PHASE_STRIP = NO;
				DEBUG_INFORMATION_FORMAT = "dwarf-with-dsym";
				ENABLE_NS_ASSERTIONS = NO;
				ENABLE_STRICT_OBJC_MSGSEND = YES;
				GCC_C_LANGUAGE_STANDARD = gnu11;
				GCC_NO_COMMON_BLOCKS = YES;
				GCC_WARN_64_TO_32_BIT_CONVERSION = YES;
				GCC_WARN_ABOUT_RETURN_TYPE = YES_ERROR;
				GCC_WARN_UNDECLARED_SELECTOR = YES;
				GCC_WARN_UNINITIALIZED_AUTOS = YES_AGGRESSIVE;
				GCC_WARN_UNUSED_FUNCTION = YES;
				GCC_WARN_UNUSED_VARIABLE = YES;
				IPHONEOS_DEPLOYMENT_TARGET = 14.5;
				MTL_ENABLE_DEBUG_INFO = NO;
				MTL_FAST_MATH = YES;
				SDKROOT = iphoneos;
				SWIFT_COMPILATION_MODE = wholemodule;
				SWIFT_OPTIMIZATION_LEVEL = "-O";
				VALIDATE_PRODUCT = YES;
			};
			name = Release;
		};
		86596E4D269DB38C001154A9 /* Debug */ = {
			isa = XCBuildConfiguration;
			baseConfigurationReference = E294DFEA27C3BFCE6B4E54E0 /* Pods-BookApp.debug.xcconfig */;
			buildSettings = {
				ASSETCATALOG_COMPILER_APPICON_NAME = AppIcon;
				ASSETCATALOG_COMPILER_GLOBAL_ACCENT_COLOR_NAME = AccentColor;
				CODE_SIGN_STYLE = Automatic;
				INFOPLIST_FILE = BookApp/Info.plist;
				LD_RUNPATH_SEARCH_PATHS = (
					"$(inherited)",
					"@executable_path/Frameworks",
				);
				PRODUCT_BUNDLE_IDENTIFIER = ghazy.BookApp;
				PRODUCT_NAME = "$(TARGET_NAME)";
				SWIFT_VERSION = 5.0;
				TARGETED_DEVICE_FAMILY = "1,2";
			};
			name = Debug;
		};
		86596E4E269DB38C001154A9 /* Release */ = {
			isa = XCBuildConfiguration;
			baseConfigurationReference = 98AA9C4B4ED26A795DC62B9F /* Pods-BookApp.release.xcconfig */;
			buildSettings = {
				ASSETCATALOG_COMPILER_APPICON_NAME = AppIcon;
				ASSETCATALOG_COMPILER_GLOBAL_ACCENT_COLOR_NAME = AccentColor;
				CODE_SIGN_STYLE = Automatic;
				INFOPLIST_FILE = BookApp/Info.plist;
				LD_RUNPATH_SEARCH_PATHS = (
					"$(inherited)",
					"@executable_path/Frameworks",
				);
				PRODUCT_BUNDLE_IDENTIFIER = ghazy.BookApp;
				PRODUCT_NAME = "$(TARGET_NAME)";
				SWIFT_VERSION = 5.0;
				TARGETED_DEVICE_FAMILY = "1,2";
			};
			name = Release;
		};
		86596E50269DB38C001154A9 /* Debug */ = {
			isa = XCBuildConfiguration;
			baseConfigurationReference = 768E57D0ECBF2ECA0A7B1BA6 /* Pods-BookAppTests.debug.xcconfig */;
			buildSettings = {
				ALWAYS_EMBED_SWIFT_STANDARD_LIBRARIES = YES;
				BUNDLE_LOADER = "$(TEST_HOST)";
				CODE_SIGN_STYLE = Automatic;
				INFOPLIST_FILE = BookAppTests/Info.plist;
				IPHONEOS_DEPLOYMENT_TARGET = 14.5;
				LD_RUNPATH_SEARCH_PATHS = (
					"$(inherited)",
					"@executable_path/Frameworks",
					"@loader_path/Frameworks",
				);
				PRODUCT_BUNDLE_IDENTIFIER = ghazy.BookAppTests;
				PRODUCT_NAME = "$(TARGET_NAME)";
				SWIFT_VERSION = 5.0;
				TARGETED_DEVICE_FAMILY = "1,2";
				TEST_HOST = "$(BUILT_PRODUCTS_DIR)/BookApp.app/BookApp";
			};
			name = Debug;
		};
		86596E51269DB38C001154A9 /* Release */ = {
			isa = XCBuildConfiguration;
			baseConfigurationReference = 456F65CBC6D12CB980CBC1C7 /* Pods-BookAppTests.release.xcconfig */;
			buildSettings = {
				ALWAYS_EMBED_SWIFT_STANDARD_LIBRARIES = YES;
				BUNDLE_LOADER = "$(TEST_HOST)";
				CODE_SIGN_STYLE = Automatic;
				INFOPLIST_FILE = BookAppTests/Info.plist;
				IPHONEOS_DEPLOYMENT_TARGET = 14.5;
				LD_RUNPATH_SEARCH_PATHS = (
					"$(inherited)",
					"@executable_path/Frameworks",
					"@loader_path/Frameworks",
				);
				PRODUCT_BUNDLE_IDENTIFIER = ghazy.BookAppTests;
				PRODUCT_NAME = "$(TARGET_NAME)";
				SWIFT_VERSION = 5.0;
				TARGETED_DEVICE_FAMILY = "1,2";
				TEST_HOST = "$(BUILT_PRODUCTS_DIR)/BookApp.app/BookApp";
			};
			name = Release;
		};
		86596E53269DB38C001154A9 /* Debug */ = {
			isa = XCBuildConfiguration;
			baseConfigurationReference = 2CF2530A62CE1E662C3563C4 /* Pods-BookApp-BookAppUITests.debug.xcconfig */;
			buildSettings = {
				ALWAYS_EMBED_SWIFT_STANDARD_LIBRARIES = YES;
				CODE_SIGN_STYLE = Automatic;
				INFOPLIST_FILE = BookAppUITests/Info.plist;
				LD_RUNPATH_SEARCH_PATHS = (
					"$(inherited)",
					"@executable_path/Frameworks",
					"@loader_path/Frameworks",
				);
				PRODUCT_BUNDLE_IDENTIFIER = ghazy.BookAppUITests;
				PRODUCT_NAME = "$(TARGET_NAME)";
				SWIFT_VERSION = 5.0;
				TARGETED_DEVICE_FAMILY = "1,2";
				TEST_TARGET_NAME = BookApp;
			};
			name = Debug;
		};
		86596E54269DB38C001154A9 /* Release */ = {
			isa = XCBuildConfiguration;
			baseConfigurationReference = 363CC224E37902522989E7E7 /* Pods-BookApp-BookAppUITests.release.xcconfig */;
			buildSettings = {
				ALWAYS_EMBED_SWIFT_STANDARD_LIBRARIES = YES;
				CODE_SIGN_STYLE = Automatic;
				INFOPLIST_FILE = BookAppUITests/Info.plist;
				LD_RUNPATH_SEARCH_PATHS = (
					"$(inherited)",
					"@executable_path/Frameworks",
					"@loader_path/Frameworks",
				);
				PRODUCT_BUNDLE_IDENTIFIER = ghazy.BookAppUITests;
				PRODUCT_NAME = "$(TARGET_NAME)";
				SWIFT_VERSION = 5.0;
				TARGETED_DEVICE_FAMILY = "1,2";
				TEST_TARGET_NAME = BookApp;
			};
			name = Release;
		};
/* End XCBuildConfiguration section */

/* Begin XCConfigurationList section */
		86596E1D269DB38A001154A9 /* Build configuration list for PBXProject "BookApp" */ = {
			isa = XCConfigurationList;
			buildConfigurations = (
				86596E4A269DB38C001154A9 /* Debug */,
				86596E4B269DB38C001154A9 /* Release */,
			);
			defaultConfigurationIsVisible = 0;
			defaultConfigurationName = Release;
		};
		86596E4C269DB38C001154A9 /* Build configuration list for PBXNativeTarget "BookApp" */ = {
			isa = XCConfigurationList;
			buildConfigurations = (
				86596E4D269DB38C001154A9 /* Debug */,
				86596E4E269DB38C001154A9 /* Release */,
			);
			defaultConfigurationIsVisible = 0;
			defaultConfigurationName = Release;
		};
		86596E4F269DB38C001154A9 /* Build configuration list for PBXNativeTarget "BookAppTests" */ = {
			isa = XCConfigurationList;
			buildConfigurations = (
				86596E50269DB38C001154A9 /* Debug */,
				86596E51269DB38C001154A9 /* Release */,
			);
			defaultConfigurationIsVisible = 0;
			defaultConfigurationName = Release;
		};
		86596E52269DB38C001154A9 /* Build configuration list for PBXNativeTarget "BookAppUITests" */ = {
			isa = XCConfigurationList;
			buildConfigurations = (
				86596E53269DB38C001154A9 /* Debug */,
				86596E54269DB38C001154A9 /* Release */,
			);
			defaultConfigurationIsVisible = 0;
			defaultConfigurationName = Release;
		};
/* End XCConfigurationList section */
	};
	rootObject = 86596E1A269DB38A001154A9 /* Project object */;
}
